
Microsoft Visual Studio Solution File, Format Version 12.00
# Visual Studio Version 16
VisualStudioVersion = 16.0.29613.14
MinimumVisualStudioVersion = 10.0.40219.1
Project("{8BC9CEB8-8B4A-11D0-8D11-00A0C91BC942}") = "oefeningen 4.4 tot 4.5", "oefeningen 4.4 tot 4.5\oefeningen 4.4 tot 4.5.vcxproj", "{E26695C8-4C18-4B3E-A409-D99AD30BA52B}"
EndProject
Project("{8BC9CEB8-8B4A-11D0-8D11-00A0C91BC942}") = "Oefening 4.6 en 4.7", "Oefening 4.6 en 4.7\Oefening 4.6 en 4.7.vcxproj", "{5A897324-64B8-4E5E-8706-1C5C3FC4A01D}"
EndProject
Global
	GlobalSection(SolutionConfigurationPlatforms) = preSolution
		Debug|x64 = Debug|x64
		Debug|x86 = Debug|x86
		Release|x64 = Release|x64
		Release|x86 = Release|x86
	EndGlobalSection
	GlobalSection(ProjectConfigurationPlatforms) = postSolution
		{E26695C8-4C18-4B3E-A409-D99AD30BA52B}.Debug|x64.ActiveCfg = Debug|x64
		{E26695C8-4C18-4B3E-A409-D99AD30BA52B}.Debug|x64.Build.0 = Debug|x64
		{E26695C8-4C18-4B3E-A409-D99AD30BA52B}.Debug|x86.ActiveCfg = Debug|Win32
		{E26695C8-4C18-4B3E-A409-D99AD30BA52B}.Debug|x86.Build.0 = Debug|Win32
		{E26695C8-4C18-4B3E-A409-D99AD30BA52B}.Release|x64.ActiveCfg = Release|x64
		{E26695C8-4C18-4B3E-A409-D99AD30BA52B}.Release|x64.Build.0 = Release|x64
		{E26695C8-4C18-4B3E-A409-D99AD30BA52B}.Release|x86.ActiveCfg = Release|Win32
		{E26695C8-4C18-4B3E-A409-D99AD30BA52B}.Release|x86.Build.0 = Release|Win32
		{5A897324-64B8-4E5E-8706-1C5C3FC4A01D}.Debug|x64.ActiveCfg = Debug|x64
		{5A897324-64B8-4E5E-8706-1C5C3FC4A01D}.Debug|x64.Build.0 = Debug|x64
		{5A897324-64B8-4E5E-8706-1C5C3FC4A01D}.Debug|x86.ActiveCfg = Debug|Win32
		{5A897324-64B8-4E5E-8706-1C5C3FC4A01D}.Debug|x86.Build.0 = Debug|Win32
		{5A897324-64B8-4E5E-8706-1C5C3FC4A01D}.Release|x64.ActiveCfg = Release|x64
		{5A897324-64B8-4E5E-8706-1C5C3FC4A01D}.Release|x64.Build.0 = Release|x64
		{5A897324-64B8-4E5E-8706-1C5C3FC4A01D}.Release|x86.ActiveCfg = Release|Win32
		{5A897324-64B8-4E5E-8706-1C5C3FC4A01D}.Release|x86.Build.0 = Release|Win32
	EndGlobalSection
	GlobalSection(SolutionProperties) = preSolution
		HideSolutionNode = FALSE
	EndGlobalSection
	GlobalSection(ExtensibilityGlobals) = postSolution
		SolutionGuid = {E231E25B-6043-4270-A19E-399E5E37B86B}
	EndGlobalSection
EndGlobal
